Microsoft Visual Studio Solution File, Format Version 12.00
# Visual Studio Version 17
VisualStudioVersion = 17.0.32112.339
MinimumVisualStudioVersion = 10.0.40219.1
Project("{2150E333-8FDC-42A3-9474-1A3956D46DE8}") = ".nuget", ".nuget", "{00C434A8-2EB5-4CC5-B6DB-5C5F74696FB6}"
	ProjectSection(SolutionItems) = preProject
		.nuget\packages.config = .nuget\packages.config
	EndProjectSection
EndProject
Project("{2150E333-8FDC-42A3-9474-1A3956D46DE8}") = "Solution Items", "Solution Items", "{266A3BE1-C77B-4330-BE4F-156C2DCB0BFE}"
	ProjectSection(SolutionItems) = preProject
		.editorconfig = .editorconfig
	EndProjectSection
EndProject
Project("{778DAE3C-4631-46EA-AA77-85C1314464D9}") = "CompuMaster.Data", "CompuMaster.Data\CompuMaster.Data.vbproj", "{23D43CB0-A621-416A-966A-5A0C0EEB34DB}"
EndProject
Project("{778DAE3C-4631-46EA-AA77-85C1314464D9}") = "CompuMaster.Data.Controls", "CompuMaster.Data.Controls\CompuMaster.Data.Controls.vbproj", "{1BF97E36-3D0C-481E-A977-84CF2B6586C1}"
EndProject
Project("{778DAE3C-4631-46EA-AA77-85C1314464D9}") = "CompuMaster.Test.Data", "CompuMaster.Test.Tools.Data\CompuMaster.Test.Data.vbproj", "{1A4BEA9F-6D74-4740-8871-4F87D2F777F4}"
EndProject
Project("{F184B08F-C81C-45F6-A57F-5ABD9991F28F}") = "DebugApp", "CompuMaster.Data.Controls.Debug\DebugApp.vbproj", "{DFF5ACB1-A556-4DD5-A418-2FEE9DC8440B}"
EndProject
Project("{F184B08F-C81C-45F6-A57F-5ABD9991F28F}") = "CompuMaster.Data.Web", "CompuMaster.Data.Web\CompuMaster.Data.Web.vbproj", "{428F3B6A-C1F5-4A1C-95BE-E6EF0C7F7735}"
EndProject
Global
	GlobalSection(SolutionConfigurationPlatforms) = preSolution
		CI_CD_WIN|Any CPU = CI_CD_WIN|Any CPU
		CI_CD_WIN|x86 = CI_CD_WIN|x86
		CI_CD|Any CPU = CI_CD|Any CPU
		CI_CD|x86 = CI_CD|x86
		Debug|Any CPU = Debug|Any CPU
		Debug|x86 = Debug|x86
		Release|Any CPU = Release|Any CPU
		Release|x86 = Release|x86
	EndGlobalSection
	GlobalSection(ProjectConfigurationPlatforms) = postSolution
		{23D43CB0-A621-416A-966A-5A0C0EEB34DB}.CI_CD_WIN|Any CPU.ActiveCfg = CI_CD|Any CPU
		{23D43CB0-A621-416A-966A-5A0C0EEB34DB}.CI_CD_WIN|Any CPU.Build.0 = CI_CD|Any CPU
		{23D43CB0-A621-416A-966A-5A0C0EEB34DB}.CI_CD_WIN|x86.ActiveCfg = Debug|Any CPU
		{23D43CB0-A621-416A-966A-5A0C0EEB34DB}.CI_CD_WIN|x86.Build.0 = Debug|Any CPU
		{23D43CB0-A621-416A-966A-5A0C0EEB34DB}.CI_CD|Any CPU.ActiveCfg = CI_CD|Any CPU
		{23D43CB0-A621-416A-966A-5A0C0EEB34DB}.CI_CD|Any CPU.Build.0 = CI_CD|Any CPU
		{23D43CB0-A621-416A-966A-5A0C0EEB34DB}.CI_CD|x86.ActiveCfg = Debug|Any CPU
		{23D43CB0-A621-416A-966A-5A0C0EEB34DB}.CI_CD|x86.Build.0 = Debug|Any CPU
		{23D43CB0-A621-416A-966A-5A0C0EEB34DB}.Debug|Any CPU.ActiveCfg = Debug|Any CPU
		{23D43CB0-A621-416A-966A-5A0C0EEB34DB}.Debug|Any CPU.Build.0 = Debug|Any CPU
		{23D43CB0-A621-416A-966A-5A0C0EEB34DB}.Debug|x86.ActiveCfg = Debug|Any CPU
		{23D43CB0-A621-416A-966A-5A0C0EEB34DB}.Debug|x86.Build.0 = Debug|Any CPU
		{23D43CB0-A621-416A-966A-5A0C0EEB34DB}.Release|Any CPU.ActiveCfg = Release|Any CPU
		{23D43CB0-A621-416A-966A-5A0C0EEB34DB}.Release|Any CPU.Build.0 = Release|Any CPU
		{23D43CB0-A621-416A-966A-5A0C0EEB34DB}.Release|x86.ActiveCfg = Release|Any CPU
		{23D43CB0-A621-416A-966A-5A0C0EEB34DB}.Release|x86.Build.0 = Release|Any CPU
		{1BF97E36-3D0C-481E-A977-84CF2B6586C1}.CI_CD_WIN|Any CPU.ActiveCfg = CI_CD|Any CPU
		{1BF97E36-3D0C-481E-A977-84CF2B6586C1}.CI_CD_WIN|Any CPU.Build.0 = CI_CD|Any CPU
		{1BF97E36-3D0C-481E-A977-84CF2B6586C1}.CI_CD_WIN|x86.ActiveCfg = CI_CD|Any CPU
		{1BF97E36-3D0C-481E-A977-84CF2B6586C1}.CI_CD_WIN|x86.Build.0 = CI_CD|Any CPU
		{1BF97E36-3D0C-481E-A977-84CF2B6586C1}.CI_CD|Any CPU.ActiveCfg = CI_CD|Any CPU
		{1BF97E36-3D0C-481E-A977-84CF2B6586C1}.CI_CD|x86.ActiveCfg = CI_CD|Any CPU
		{1BF97E36-3D0C-481E-A977-84CF2B6586C1}.CI_CD|x86.Build.0 = CI_CD|Any CPU
		{1BF97E36-3D0C-481E-A977-84CF2B6586C1}.Debug|Any CPU.ActiveCfg = Debug|Any CPU
		{1BF97E36-3D0C-481E-A977-84CF2B6586C1}.Debug|Any CPU.Build.0 = Debug|Any CPU
		{1BF97E36-3D0C-481E-A977-84CF2B6586C1}.Debug|x86.ActiveCfg = Debug|Any CPU
		{1BF97E36-3D0C-481E-A977-84CF2B6586C1}.Debug|x86.Build.0 = Debug|Any CPU
		{1BF97E36-3D0C-481E-A977-84CF2B6586C1}.Release|Any CPU.ActiveCfg = Release|Any CPU
		{1BF97E36-3D0C-481E-A977-84CF2B6586C1}.Release|Any CPU.Build.0 = Release|Any CPU
		{1BF97E36-3D0C-481E-A977-84CF2B6586C1}.Release|x86.ActiveCfg = Release|Any CPU
		{1BF97E36-3D0C-481E-A977-84CF2B6586C1}.Release|x86.Build.0 = Release|Any CPU
		{1A4BEA9F-6D74-4740-8871-4F87D2F777F4}.CI_CD_WIN|Any CPU.ActiveCfg = CI_CD|Any CPU
		{1A4BEA9F-6D74-4740-8871-4F87D2F777F4}.CI_CD_WIN|Any CPU.Build.0 = CI_CD|Any CPU
		{1A4BEA9F-6D74-4740-8871-4F87D2F777F4}.CI_CD_WIN|x86.ActiveCfg = Debug|Any CPU
		{1A4BEA9F-6D74-4740-8871-4F87D2F777F4}.CI_CD_WIN|x86.Build.0 = Debug|Any CPU
		{1A4BEA9F-6D74-4740-8871-4F87D2F777F4}.CI_CD|Any CPU.ActiveCfg = CI_CD|Any CPU
		{1A4BEA9F-6D74-4740-8871-4F87D2F777F4}.CI_CD|Any CPU.Build.0 = CI_CD|Any CPU
		{1A4BEA9F-6D74-4740-8871-4F87D2F777F4}.CI_CD|x86.ActiveCfg = Debug|Any CPU
		{1A4BEA9F-6D74-4740-8871-4F87D2F777F4}.CI_CD|x86.Build.0 = Debug|Any CPU
		{1A4BEA9F-6D74-4740-8871-4F87D2F777F4}.Debug|Any CPU.ActiveCfg = Debug|Any CPU
		{1A4BEA9F-6D74-4740-8871-4F87D2F777F4}.Debug|Any CPU.Build.0 = Debug|Any CPU
		{1A4BEA9F-6D74-4740-8871-4F87D2F777F4}.Debug|x86.ActiveCfg = Debug|Any CPU
		{1A4BEA9F-6D74-4740-8871-4F87D2F777F4}.Debug|x86.Build.0 = Debug|Any CPU
		{1A4BEA9F-6D74-4740-8871-4F87D2F777F4}.Release|Any CPU.ActiveCfg = Release|Any CPU
		{1A4BEA9F-6D74-4740-8871-4F87D2F777F4}.Release|Any CPU.Build.0 = Release|Any CPU
		{1A4BEA9F-6D74-4740-8871-4F87D2F777F4}.Release|x86.ActiveCfg = Release|Any CPU
		{1A4BEA9F-6D74-4740-8871-4F87D2F777F4}.Release|x86.Build.0 = Release|Any CPU
		{DFF5ACB1-A556-4DD5-A418-2FEE9DC8440B}.CI_CD_WIN|Any CPU.ActiveCfg = Debug|Any CPU
		{DFF5ACB1-A556-4DD5-A418-2FEE9DC8440B}.CI_CD_WIN|x86.ActiveCfg = Debug|x86
		{DFF5ACB1-A556-4DD5-A418-2FEE9DC8440B}.CI_CD|Any CPU.ActiveCfg = Debug|Any CPU
		{DFF5ACB1-A556-4DD5-A418-2FEE9DC8440B}.CI_CD|x86.ActiveCfg = Debug|x86
		{DFF5ACB1-A556-4DD5-A418-2FEE9DC8440B}.Debug|Any CPU.ActiveCfg = Debug|Any CPU
		{DFF5ACB1-A556-4DD5-A418-2FEE9DC8440B}.Debug|Any CPU.Build.0 = Debug|Any CPU
		{DFF5ACB1-A556-4DD5-A418-2FEE9DC8440B}.Debug|x86.ActiveCfg = Debug|x86
		{DFF5ACB1-A556-4DD5-A418-2FEE9DC8440B}.Debug|x86.Build.0 = Debug|x86
		{DFF5ACB1-A556-4DD5-A418-2FEE9DC8440B}.Release|Any CPU.ActiveCfg = Release|Any CPU
		{DFF5ACB1-A556-4DD5-A418-2FEE9DC8440B}.Release|Any CPU.Build.0 = Release|Any CPU
		{DFF5ACB1-A556-4DD5-A418-2FEE9DC8440B}.Release|x86.ActiveCfg = Release|x86
		{DFF5ACB1-A556-4DD5-A418-2FEE9DC8440B}.Release|x86.Build.0 = Release|x86
		{428F3B6A-C1F5-4A1C-95BE-E6EF0C7F7735}.CI_CD_WIN|Any CPU.ActiveCfg = Debug|Any CPU
		{428F3B6A-C1F5-4A1C-95BE-E6EF0C7F7735}.CI_CD_WIN|x86.ActiveCfg = Debug|Any CPU
		{428F3B6A-C1F5-4A1C-95BE-E6EF0C7F7735}.CI_CD|Any CPU.ActiveCfg = Debug|Any CPU
		{428F3B6A-C1F5-4A1C-95BE-E6EF0C7F7735}.CI_CD|x86.ActiveCfg = Debug|Any CPU
		{428F3B6A-C1F5-4A1C-95BE-E6EF0C7F7735}.Debug|Any CPU.ActiveCfg = Debug|Any CPU
		{428F3B6A-C1F5-4A1C-95BE-E6EF0C7F7735}.Debug|Any CPU.Build.0 = Debug|Any CPU
		{428F3B6A-C1F5-4A1C-95BE-E6EF0C7F7735}.Debug|x86.ActiveCfg = Debug|Any CPU
		{428F3B6A-C1F5-4A1C-95BE-E6EF0C7F7735}.Debug|x86.Build.0 = Debug|Any CPU
		{428F3B6A-C1F5-4A1C-95BE-E6EF0C7F7735}.Release|Any CPU.ActiveCfg = Release|Any CPU
		{428F3B6A-C1F5-4A1C-95BE-E6EF0C7F7735}.Release|Any CPU.Build.0 = Release|Any CPU
		{428F3B6A-C1F5-4A1C-95BE-E6EF0C7F7735}.Release|x86.ActiveCfg = Release|Any CPU
		{428F3B6A-C1F5-4A1C-95BE-E6EF0C7F7735}.Release|x86.Build.0 = Release|Any CPU
	EndGlobalSection
	GlobalSection(SolutionProperties) = preSolution
		HideSolutionNode = FALSE
	EndGlobalSection
	GlobalSection(ExtensibilityGlobals) = postSolution
		SolutionGuid = {E53026A9-AC33-4B88-9215-687C6B1DFE91}
	EndGlobalSection
	GlobalSection(SubversionScc) = preSolution
		Svn-Managed = True
		Manager = AnkhSVN - Subversion Support for Visual Studio
	EndGlobalSection
EndGlobal
