Microsoft Visual Studio Solution File, Format Version 12.00
# Visual Studio Version 16
VisualStudioVersion = 16.0.30717.126
MinimumVisualStudioVersion = 10.0.40219.1
Project("{2150E333-8FDC-42A3-9474-1A3956D46DE8}") = ".nuget", ".nuget", "{00C434A8-2EB5-4CC5-B6DB-5C5F74696FB6}"
	ProjectSection(SolutionItems) = preProject
		.nuget\packages.config = .nuget\packages.config
	EndProjectSection
EndProject
Project("{2150E333-8FDC-42A3-9474-1A3956D46DE8}") = "Solution Items", "Solution Items", "{266A3BE1-C77B-4330-BE4F-156C2DCB0BFE}"
	ProjectSection(SolutionItems) = preProject
		.editorconfig = .editorconfig
	EndProjectSection
EndProject
Project("{778DAE3C-4631-46EA-AA77-85C1314464D9}") = "CompuMaster.Data", "CompuMaster.Data\CompuMaster.Data.vbproj", "{23D43CB0-A621-416A-966A-5A0C0EEB34DB}"
EndProject
Project("{9A19103F-16F7-4668-BE54-9A1E7A4F7556}") = "CompuMaster.Test.TinyWebServerAdvanced", "CompuMaster.Test.TinyWebServerAdvanced\CompuMaster.Test.TinyWebServerAdvanced.csproj", "{FF4D55AE-133C-4C65-B612-2CE21285F949}"
EndProject
Project("{778DAE3C-4631-46EA-AA77-85C1314464D9}") = "CompuMaster.Test.Data", "CompuMaster.Test.Tools.Data\CompuMaster.Test.Data.vbproj", "{1A4BEA9F-6D74-4740-8871-4F87D2F777F4}"
EndProject
Global
	GlobalSection(SolutionConfigurationPlatforms) = preSolution
		CI_CD|Any CPU = CI_CD|Any CPU
		CI_CD|x86 = CI_CD|x86
		Debug|Any CPU = Debug|Any CPU
		Debug|x86 = Debug|x86
		Release|Any CPU = Release|Any CPU
		Release|x86 = Release|x86
	EndGlobalSection
	GlobalSection(ProjectConfigurationPlatforms) = postSolution
		{23D43CB0-A621-416A-966A-5A0C0EEB34DB}.CI_CD|Any CPU.ActiveCfg = Debug|Any CPU
		{23D43CB0-A621-416A-966A-5A0C0EEB34DB}.CI_CD|Any CPU.Build.0 = Debug|Any CPU
		{23D43CB0-A621-416A-966A-5A0C0EEB34DB}.CI_CD|x86.ActiveCfg = Debug|Any CPU
		{23D43CB0-A621-416A-966A-5A0C0EEB34DB}.CI_CD|x86.Build.0 = Debug|Any CPU
		{23D43CB0-A621-416A-966A-5A0C0EEB34DB}.Debug|Any CPU.ActiveCfg = Debug|Any CPU
		{23D43CB0-A621-416A-966A-5A0C0EEB34DB}.Debug|Any CPU.Build.0 = Debug|Any CPU
		{23D43CB0-A621-416A-966A-5A0C0EEB34DB}.Debug|x86.ActiveCfg = Debug|Any CPU
		{23D43CB0-A621-416A-966A-5A0C0EEB34DB}.Debug|x86.Build.0 = Debug|Any CPU
		{23D43CB0-A621-416A-966A-5A0C0EEB34DB}.Release|Any CPU.ActiveCfg = Release|Any CPU
		{23D43CB0-A621-416A-966A-5A0C0EEB34DB}.Release|Any CPU.Build.0 = Release|Any CPU
		{23D43CB0-A621-416A-966A-5A0C0EEB34DB}.Release|x86.ActiveCfg = Release|Any CPU
		{23D43CB0-A621-416A-966A-5A0C0EEB34DB}.Release|x86.Build.0 = Release|Any CPU
		{FF4D55AE-133C-4C65-B612-2CE21285F949}.CI_CD|Any CPU.ActiveCfg = Debug|Any CPU
		{FF4D55AE-133C-4C65-B612-2CE21285F949}.CI_CD|Any CPU.Build.0 = Debug|Any CPU
		{FF4D55AE-133C-4C65-B612-2CE21285F949}.CI_CD|x86.ActiveCfg = Debug|Any CPU
		{FF4D55AE-133C-4C65-B612-2CE21285F949}.CI_CD|x86.Build.0 = Debug|Any CPU
		{FF4D55AE-133C-4C65-B612-2CE21285F949}.Debug|Any CPU.ActiveCfg = Debug|Any CPU
		{FF4D55AE-133C-4C65-B612-2CE21285F949}.Debug|Any CPU.Build.0 = Debug|Any CPU
		{FF4D55AE-133C-4C65-B612-2CE21285F949}.Debug|x86.ActiveCfg = Debug|Any CPU
		{FF4D55AE-133C-4C65-B612-2CE21285F949}.Debug|x86.Build.0 = Debug|Any CPU
		{FF4D55AE-133C-4C65-B612-2CE21285F949}.Release|Any CPU.ActiveCfg = Release|Any CPU
		{FF4D55AE-133C-4C65-B612-2CE21285F949}.Release|Any CPU.Build.0 = Release|Any CPU
		{FF4D55AE-133C-4C65-B612-2CE21285F949}.Release|x86.ActiveCfg = Release|Any CPU
		{FF4D55AE-133C-4C65-B612-2CE21285F949}.Release|x86.Build.0 = Release|Any CPU
		{1A4BEA9F-6D74-4740-8871-4F87D2F777F4}.CI_CD|Any CPU.ActiveCfg = Debug|Any CPU
		{1A4BEA9F-6D74-4740-8871-4F87D2F777F4}.CI_CD|Any CPU.Build.0 = Debug|Any CPU
		{1A4BEA9F-6D74-4740-8871-4F87D2F777F4}.CI_CD|x86.ActiveCfg = Debug|Any CPU
		{1A4BEA9F-6D74-4740-8871-4F87D2F777F4}.CI_CD|x86.Build.0 = Debug|Any CPU
		{1A4BEA9F-6D74-4740-8871-4F87D2F777F4}.Debug|Any CPU.ActiveCfg = Debug|Any CPU
		{1A4BEA9F-6D74-4740-8871-4F87D2F777F4}.Debug|Any CPU.Build.0 = Debug|Any CPU
		{1A4BEA9F-6D74-4740-8871-4F87D2F777F4}.Debug|x86.ActiveCfg = Debug|Any CPU
		{1A4BEA9F-6D74-4740-8871-4F87D2F777F4}.Debug|x86.Build.0 = Debug|Any CPU
		{1A4BEA9F-6D74-4740-8871-4F87D2F777F4}.Release|Any CPU.ActiveCfg = Release|Any CPU
		{1A4BEA9F-6D74-4740-8871-4F87D2F777F4}.Release|Any CPU.Build.0 = Release|Any CPU
		{1A4BEA9F-6D74-4740-8871-4F87D2F777F4}.Release|x86.ActiveCfg = Release|Any CPU
		{1A4BEA9F-6D74-4740-8871-4F87D2F777F4}.Release|x86.Build.0 = Release|Any CPU
	EndGlobalSection
	GlobalSection(SolutionProperties) = preSolution
		HideSolutionNode = FALSE
	EndGlobalSection
	GlobalSection(ExtensibilityGlobals) = postSolution
		SolutionGuid = {E53026A9-AC33-4B88-9215-687C6B1DFE91}
	EndGlobalSection
	GlobalSection(SubversionScc) = preSolution
		Svn-Managed = True
		Manager = AnkhSVN - Subversion Support for Visual Studio
	EndGlobalSection
EndGlobal
